
Microsoft Visual Studio Solution File, Format Version 12.00
# Visual Studio Version 17
VisualStudioVersion = 17.10.35027.167
MinimumVisualStudioVersion = 10.0.40219.1
Project("{FAE04EC0-301F-11D3-BF4B-00C04F79EFBC}") = "ModeloDominio", "ModeloDominio\ModeloDominio.csproj", "{5019FDBC-D7B2-4ED6-928B-693714BF71B9}"
EndProject
Project("{FAE04EC0-301F-11D3-BF4B-00C04F79EFBC}") = "LogicaNegocio", "LogicaNegocio\LogicaNegocio.csproj", "{B54DEE9D-DF8B-41FF-8DBD-D5B4A90685CB}"
EndProject
Project("{FAE04EC0-301F-11D3-BF4B-00C04F79EFBC}") = "PresentacionConsola", "PresentacionConsola\PresentacionConsola.csproj", "{CD1382D9-2E43-4373-BBE3-4C6C516B59F8}"
EndProject
Project("{FAE04EC0-301F-11D3-BF4B-00C04F79EFBC}") = "Principal", "Principal\Principal.csproj", "{7D6A8B88-A8FC-4C81-99CB-0A6CB6E20959}"
EndProject
Global
	GlobalSection(SolutionConfigurationPlatforms) = preSolution
		Debug|Any CPU = Debug|Any CPU
		Release|Any CPU = Release|Any CPU
	EndGlobalSection
	GlobalSection(ProjectConfigurationPlatforms) = postSolution
		{5019FDBC-D7B2-4ED6-928B-693714BF71B9}.Debug|Any CPU.ActiveCfg = Debug|Any CPU
		{5019FDBC-D7B2-4ED6-928B-693714BF71B9}.Debug|Any CPU.Build.0 = Debug|Any CPU
		{5019FDBC-D7B2-4ED6-928B-693714BF71B9}.Release|Any CPU.ActiveCfg = Release|Any CPU
		{5019FDBC-D7B2-4ED6-928B-693714BF71B9}.Release|Any CPU.Build.0 = Release|Any CPU
		{B54DEE9D-DF8B-41FF-8DBD-D5B4A90685CB}.Debug|Any CPU.ActiveCfg = Debug|Any CPU
		{B54DEE9D-DF8B-41FF-8DBD-D5B4A90685CB}.Debug|Any CPU.Build.0 = Debug|Any CPU
		{B54DEE9D-DF8B-41FF-8DBD-D5B4A90685CB}.Release|Any CPU.ActiveCfg = Release|Any CPU
		{B54DEE9D-DF8B-41FF-8DBD-D5B4A90685CB}.Release|Any CPU.Build.0 = Release|Any CPU
		{CD1382D9-2E43-4373-BBE3-4C6C516B59F8}.Debug|Any CPU.ActiveCfg = Debug|Any CPU
		{CD1382D9-2E43-4373-BBE3-4C6C516B59F8}.Debug|Any CPU.Build.0 = Debug|Any CPU
		{CD1382D9-2E43-4373-BBE3-4C6C516B59F8}.Release|Any CPU.ActiveCfg = Release|Any CPU
		{CD1382D9-2E43-4373-BBE3-4C6C516B59F8}.Release|Any CPU.Build.0 = Release|Any CPU
		{7D6A8B88-A8FC-4C81-99CB-0A6CB6E20959}.Debug|Any CPU.ActiveCfg = Debug|Any CPU
		{7D6A8B88-A8FC-4C81-99CB-0A6CB6E20959}.Debug|Any CPU.Build.0 = Debug|Any CPU
		{7D6A8B88-A8FC-4C81-99CB-0A6CB6E20959}.Release|Any CPU.ActiveCfg = Release|Any CPU
		{7D6A8B88-A8FC-4C81-99CB-0A6CB6E20959}.Release|Any CPU.Build.0 = Release|Any CPU
	EndGlobalSection
	GlobalSection(SolutionProperties) = preSolution
		HideSolutionNode = FALSE
	EndGlobalSection
	GlobalSection(ExtensibilityGlobals) = postSolution
		SolutionGuid = {261D1FF2-1806-47A2-8734-EAD448F33E13}
	EndGlobalSection
EndGlobal
